
Microsoft Visual Studio Solution File, Format Version 12.00
# Visual Studio 15
VisualStudioVersion = 15.0.28307.106
MinimumVisualStudioVersion = 10.0.40219.1
Project("{9A19103F-16F7-4668-BE54-9A1E7A4F7556}") = "AspNetCore.SignalR.OrleansIntegration.Tests", "test\AspNetCore.SignalR.OrleansIntegration.Tests\AspNetCore.SignalR.OrleansIntegration.Tests.csproj", "{071FE4FD-EF82-4337-8964-EFF22D48CC82}"
EndProject
Project("{9A19103F-16F7-4668-BE54-9A1E7A4F7556}") = "AspNetCore.SignalR.OrleansIntegration.TestUtils", "src\AspNetCore.SignalR.OrleansIntegration.TestUtils\AspNetCore.SignalR.OrleansIntegration.TestUtils.csproj", "{C3798B6A-2D21-4F60-B8F0-30DBF2648F53}"
EndProject
Project("{9A19103F-16F7-4668-BE54-9A1E7A4F7556}") = "AspNetCore.SignalR.OrleansIntegration", "src\AspNetCore.SignalR.OrleansIntegration\AspNetCore.SignalR.OrleansIntegration.csproj", "{4D89CA80-1E2B-40B8-80EC-D5167C07159D}"
EndProject
Project("{9A19103F-16F7-4668-BE54-9A1E7A4F7556}") = "Orleans.SignalRIntegration", "src\Orleans.SignalRIntegration\Orleans.SignalRIntegration.csproj", "{BFBC58D3-AEC7-46D7-BABC-20642E7BDA9D}"
EndProject
Project("{9A19103F-16F7-4668-BE54-9A1E7A4F7556}") = "Orleans.SignalRIntegration.Core", "src\Orleans.SignalRIntegration.Core\Orleans.SignalRIntegration.Core.csproj", "{3C083F86-3D23-47C0-8CAB-697A93F3491D}"
EndProject
Project("{9A19103F-16F7-4668-BE54-9A1E7A4F7556}") = "SampleApp.Abstractions", "samples\SampleApp.Abstractions\SampleApp.Abstractions.csproj", "{E4FAE164-4BE0-4320-8E41-FB5D98E21234}"
EndProject
Project("{2150E333-8FDC-42A3-9474-1A3956D46DE8}") = "Sample Project", "Sample Project", "{896AB59D-3CCB-42F3-8B97-E1ACFA937C9F}"
EndProject
Project("{FAE04EC0-301F-11D3-BF4B-00C04F79EFBC}") = "Orleans.SignalRIntegration.Core.Abstractions", "src\Orleans.SignalRIntegration.Core.Abstractions\Orleans.SignalRIntegration.Core.Abstractions.csproj", "{528451D4-64E5-463D-B65A-BEEA7AD09EDE}"
EndProject
Project("{FAE04EC0-301F-11D3-BF4B-00C04F79EFBC}") = "SampleApp.Silo", "samples\SampleApp.Silo\SampleApp.Silo.csproj", "{202F5816-C838-4054-B1F5-4A8C844BED89}"
EndProject
Project("{FAE04EC0-301F-11D3-BF4B-00C04F79EFBC}") = "SampleApp.Web", "samples\SampleApp.Web\SampleApp.Web.csproj", "{3B61D6B8-712E-4679-83B1-A07A58374B94}"
EndProject
Project("{2150E333-8FDC-42A3-9474-1A3956D46DE8}") = "Tests", "Tests", "{8F03DC41-C0A9-4335-BEFC-F135218BEEFF}"
EndProject
Global
	GlobalSection(SolutionConfigurationPlatforms) = preSolution
		Debug|Any CPU = Debug|Any CPU
		Release|Any CPU = Release|Any CPU
	EndGlobalSection
	GlobalSection(ProjectConfigurationPlatforms) = postSolution
		{071FE4FD-EF82-4337-8964-EFF22D48CC82}.Debug|Any CPU.ActiveCfg = Debug|Any CPU
		{071FE4FD-EF82-4337-8964-EFF22D48CC82}.Debug|Any CPU.Build.0 = Debug|Any CPU
		{071FE4FD-EF82-4337-8964-EFF22D48CC82}.Release|Any CPU.ActiveCfg = Release|Any CPU
		{071FE4FD-EF82-4337-8964-EFF22D48CC82}.Release|Any CPU.Build.0 = Release|Any CPU
		{C3798B6A-2D21-4F60-B8F0-30DBF2648F53}.Debug|Any CPU.ActiveCfg = Debug|Any CPU
		{C3798B6A-2D21-4F60-B8F0-30DBF2648F53}.Debug|Any CPU.Build.0 = Debug|Any CPU
		{C3798B6A-2D21-4F60-B8F0-30DBF2648F53}.Release|Any CPU.ActiveCfg = Release|Any CPU
		{C3798B6A-2D21-4F60-B8F0-30DBF2648F53}.Release|Any CPU.Build.0 = Release|Any CPU
		{4D89CA80-1E2B-40B8-80EC-D5167C07159D}.Debug|Any CPU.ActiveCfg = Release|Any CPU
		{4D89CA80-1E2B-40B8-80EC-D5167C07159D}.Debug|Any CPU.Build.0 = Release|Any CPU
		{4D89CA80-1E2B-40B8-80EC-D5167C07159D}.Release|Any CPU.ActiveCfg = Release|Any CPU
		{4D89CA80-1E2B-40B8-80EC-D5167C07159D}.Release|Any CPU.Build.0 = Release|Any CPU
		{BFBC58D3-AEC7-46D7-BABC-20642E7BDA9D}.Debug|Any CPU.ActiveCfg = Release|Any CPU
		{BFBC58D3-AEC7-46D7-BABC-20642E7BDA9D}.Debug|Any CPU.Build.0 = Release|Any CPU
		{BFBC58D3-AEC7-46D7-BABC-20642E7BDA9D}.Release|Any CPU.ActiveCfg = Release|Any CPU
		{BFBC58D3-AEC7-46D7-BABC-20642E7BDA9D}.Release|Any CPU.Build.0 = Release|Any CPU
		{3C083F86-3D23-47C0-8CAB-697A93F3491D}.Debug|Any CPU.ActiveCfg = Release|Any CPU
		{3C083F86-3D23-47C0-8CAB-697A93F3491D}.Debug|Any CPU.Build.0 = Release|Any CPU
		{3C083F86-3D23-47C0-8CAB-697A93F3491D}.Release|Any CPU.ActiveCfg = Release|Any CPU
		{3C083F86-3D23-47C0-8CAB-697A93F3491D}.Release|Any CPU.Build.0 = Release|Any CPU
		{E4FAE164-4BE0-4320-8E41-FB5D98E21234}.Debug|Any CPU.ActiveCfg = Debug|Any CPU
		{E4FAE164-4BE0-4320-8E41-FB5D98E21234}.Debug|Any CPU.Build.0 = Debug|Any CPU
		{E4FAE164-4BE0-4320-8E41-FB5D98E21234}.Release|Any CPU.ActiveCfg = Release|Any CPU
		{E4FAE164-4BE0-4320-8E41-FB5D98E21234}.Release|Any CPU.Build.0 = Release|Any CPU
		{528451D4-64E5-463D-B65A-BEEA7AD09EDE}.Debug|Any CPU.ActiveCfg = Debug|Any CPU
		{528451D4-64E5-463D-B65A-BEEA7AD09EDE}.Debug|Any CPU.Build.0 = Debug|Any CPU
		{528451D4-64E5-463D-B65A-BEEA7AD09EDE}.Release|Any CPU.ActiveCfg = Release|Any CPU
		{528451D4-64E5-463D-B65A-BEEA7AD09EDE}.Release|Any CPU.Build.0 = Release|Any CPU
		{202F5816-C838-4054-B1F5-4A8C844BED89}.Debug|Any CPU.ActiveCfg = Debug|Any CPU
		{202F5816-C838-4054-B1F5-4A8C844BED89}.Debug|Any CPU.Build.0 = Debug|Any CPU
		{202F5816-C838-4054-B1F5-4A8C844BED89}.Release|Any CPU.ActiveCfg = Release|Any CPU
		{202F5816-C838-4054-B1F5-4A8C844BED89}.Release|Any CPU.Build.0 = Release|Any CPU
		{3B61D6B8-712E-4679-83B1-A07A58374B94}.Debug|Any CPU.ActiveCfg = Debug|Any CPU
		{3B61D6B8-712E-4679-83B1-A07A58374B94}.Debug|Any CPU.Build.0 = Debug|Any CPU
		{3B61D6B8-712E-4679-83B1-A07A58374B94}.Release|Any CPU.ActiveCfg = Release|Any CPU
		{3B61D6B8-712E-4679-83B1-A07A58374B94}.Release|Any CPU.Build.0 = Release|Any CPU
	EndGlobalSection
	GlobalSection(SolutionProperties) = preSolution
		HideSolutionNode = FALSE
	EndGlobalSection
	GlobalSection(NestedProjects) = preSolution
		{E4FAE164-4BE0-4320-8E41-FB5D98E21234} = {896AB59D-3CCB-42F3-8B97-E1ACFA937C9F}
		{202F5816-C838-4054-B1F5-4A8C844BED89} = {896AB59D-3CCB-42F3-8B97-E1ACFA937C9F}
		{3B61D6B8-712E-4679-83B1-A07A58374B94} = {896AB59D-3CCB-42F3-8B97-E1ACFA937C9F}
		{C3798B6A-2D21-4F60-B8F0-30DBF2648F53} = {8F03DC41-C0A9-4335-BEFC-F135218BEEFF}
		{071FE4FD-EF82-4337-8964-EFF22D48CC82} = {8F03DC41-C0A9-4335-BEFC-F135218BEEFF}
	EndGlobalSection
	GlobalSection(ExtensibilityGlobals) = postSolution
		SolutionGuid = {652A62E6-802C-4CBC-AB76-7FC0AAAC7B0B}
	EndGlobalSection
EndGlobal
